{
  "name": "authentication",
  "version": "1.0.0",
  "lockfileVersion": 1,
  "requires": true,
  "dependencies": {
    "body-parser": {
      "version": "1.17.1",
      "resolved": "https://registry.npmjs.org/body-parser/-/body-parser-1.17.1.tgz",
      "integrity": "sha1-dbO8mN3W5+DY/+dQ36ylxmmT+kc=",
      "requires": {
        "bytes": "2.4.0",
        "content-type": "1.0.2",
        "debug": "2.6.1",
        "depd": "1.1.0",
        "http-errors": "1.6.1",
        "iconv-lite": "0.4.15",
        "on-finished": "2.3.0",
        "qs": "6.4.0",
        "raw-body": "2.2.0",
        "type-is": "1.6.15"
      },
      "dependencies": {
        "bytes": {
          "version": "2.4.0",
          "resolved": "https://registry.npmjs.org/bytes/-/bytes-2.4.0.tgz",
          "integrity": "sha1-fZcZb51br39pNeJZhVSe3SpsIzk="
        },
        "content-type": {
          "version": "1.0.2",
          "resolved": "https://registry.npmjs.org/content-type/-/content-type-1.0.2.tgz",
          "integrity": "sha1-t9ETrueo3Se9IRM8TcJSnfFyHu0="
        },
        "debug": {
          "version": "2.6.1",
          "resolved": "https://registry.npmjs.org/debug/-/debug-2.6.1.tgz",
          "integrity": "sha1-eYVQkLosTjEVzH2HaUkdWPBJE1E=",
          "requires": {
            "ms": "0.7.2"
          },
          "dependencies": {
            "ms": {
              "version": "0.7.2",
              "resolved": "https://registry.npmjs.org/ms/-/ms-0.7.2.tgz",
              "integrity": "sha1-riXPJRKziFodldfwN4aNhDESR2U="
            }
          }
        },
        "depd": {
          "version": "1.1.0",
          "resolved": "https://registry.npmjs.org/depd/-/depd-1.1.0.tgz",
          "integrity": "sha1-4b2Cxqq2ztlluXuIsX7T5SjKGMM="
        },
        "http-errors": {
          "version": "1.6.1",
          "resolved": "https://registry.npmjs.org/http-errors/-/http-errors-1.6.1.tgz",
          "integrity": "sha1-X4uO2YrKVFZWv1cplzh/kEpyIlc=",
          "requires": {
            "depd": "1.1.0",
            "inherits": "2.0.3",
            "setprototypeof": "1.0.3",
            "statuses": "1.3.1"
          },
          "dependencies": {
            "inherits": {
              "version": "2.0.3",
              "resolved": "https://registry.npmjs.org/inherits/-/inherits-2.0.3.tgz",
              "integrity": "sha1-Yzwsg+PaQqUC9SRmAiSA9CCCYd4="
            },
            "setprototypeof": {
              "version": "1.0.3",
              "resolved": "https://registry.npmjs.org/setprototypeof/-/setprototypeof-1.0.3.tgz",
              "integrity": "sha1-ZlZ+NwQ+608E2RvWWMDL77VbjgQ="
            },
            "statuses": {
              "version": "1.3.1",
              "resolved": "https://registry.npmjs.org/statuses/-/statuses-1.3.1.tgz",
              "integrity": "sha1-+vUbnrdKrvOzrPStX2Gr8ky3uT4="
            }
          }
        },
        "iconv-lite": {
          "version": "0.4.15",
          "resolved": "https://registry.npmjs.org/iconv-lite/-/iconv-lite-0.4.15.tgz",
          "integrity": "sha1-/iZaIYrGpXz+hUkn6dBMGYJe3es="
        },
        "on-finished": {
          "version": "2.3.0",
          "resolved": "https://registry.npmjs.org/on-finished/-/on-finished-2.3.0.tgz",
          "integrity": "sha1-IPEzZIGwg811M3mSoWlxqi2QaUc=",
          "requires": {
            "ee-first": "1.1.1"
          },
          "dependencies": {
            "ee-first": {
              "version": "1.1.1",
              "resolved": "https://registry.npmjs.org/ee-first/-/ee-first-1.1.1.tgz",
              "integrity": "sha1-WQxhFWsK4vTwJVcyoViyZrxWsh0="
            }
          }
        },
        "qs": {
          "version": "6.4.0",
          "resolved": "https://registry.npmjs.org/qs/-/qs-6.4.0.tgz",
          "integrity": "sha1-E+JtKK1rD/qpExLNO/cI7TUecjM="
        },
        "raw-body": {
          "version": "2.2.0",
          "resolved": "https://registry.npmjs.org/raw-body/-/raw-body-2.2.0.tgz",
          "integrity": "sha1-mUl2z2pQlqQRYoQEkvC9xdbn+5Y=",
          "requires": {
            "bytes": "2.4.0",
            "iconv-lite": "0.4.15",
            "unpipe": "1.0.0"
          },
          "dependencies": {
            "unpipe": {
              "version": "1.0.0",
              "resolved": "https://registry.npmjs.org/unpipe/-/unpipe-1.0.0.tgz",
              "integrity": "sha1-sr9O6FFKrmFltIF4KdIbLvSZBOw="
            }
          }
        },
        "type-is": {
          "version": "1.6.15",
          "resolved": "https://registry.npmjs.org/type-is/-/type-is-1.6.15.tgz",
          "integrity": "sha1-yrEPtJCeRByChC6v4a1kbIGARBA=",
          "requires": {
            "media-typer": "0.3.0",
            "mime-types": "2.1.15"
          },
          "dependencies": {
            "media-typer": {
              "version": "0.3.0",
              "resolved": "https://registry.npmjs.org/media-typer/-/media-typer-0.3.0.tgz",
              "integrity": "sha1-hxDXrwqmJvj/+hzgAWhUUmMlV0g="
            },
            "mime-types": {
              "version": "2.1.15",
              "resolved": "https://registry.npmjs.org/mime-types/-/mime-types-2.1.15.tgz",
              "integrity": "sha1-pOv1BkCUVpI3uM9wBGd20J/JKu0=",
              "requires": {
                "mime-db": "1.27.0"
              },
              "dependencies": {
                "mime-db": {
                  "version": "1.27.0",
                  "resolved": "https://registry.npmjs.org/mime-db/-/mime-db-1.27.0.tgz",
                  "integrity": "sha1-gg9XIpa70g7CXtVeW13oaeVDbrE="
                }
              }
            }
          }
        }
      }
    },
    "debug": {
      "version": "2.6.9",
      "resolved": "https://registry.npmjs.org/debug/-/debug-2.6.9.tgz",
      "integrity": "sha512-bC7ElrdJaJnPbAP+1EotYvqZsb3ecl5wi6Bfi6BJTUcNowp6cvspg0jXznRTKDjm/E7AdgFBVeAPVMNcKGsHMA==",
      "requires": {
        "ms": "2.0.0"
      }
    },
    "depd": {
      "version": "1.1.0",
      "resolved": "https://registry.npmjs.org/depd/-/depd-1.1.0.tgz",
      "integrity": "sha1-4b2Cxqq2ztlluXuIsX7T5SjKGMM="
    },
    "ejs": {
      "version": "2.5.6",
      "resolved": "https://registry.npmjs.org/ejs/-/ejs-2.5.6.tgz",
      "integrity": "sha1-R5Y2v6P+Ox3r1SCH8KyyBLTxnIg="
    },
    "expres": {
      "version": "0.0.5",
      "resolved": "https://registry.npmjs.org/expres/-/expres-0.0.5.tgz",
      "integrity": "sha1-v0SEdJ+DkgyxFta69tojAiDR+5w="
    },
    "express": {
      "version": "4.15.2",
      "resolved": "https://registry.npmjs.org/express/-/express-4.15.2.tgz",
      "integrity": "sha1-rxB/wUhQRFfy3Kmm8lcdcSm5ezU=",
      "requires": {
        "accepts": "1.3.3",
        "array-flatten": "1.1.1",
        "content-disposition": "0.5.2",
        "content-type": "1.0.2",
        "cookie": "0.3.1",
        "cookie-signature": "1.0.6",
        "debug": "2.6.1",
        "depd": "1.1.0",
        "encodeurl": "1.0.1",
        "escape-html": "1.0.3",
        "etag": "1.8.0",
        "finalhandler": "1.0.2",
        "fresh": "0.5.0",
        "merge-descriptors": "1.0.1",
        "methods": "1.1.2",
        "on-finished": "2.3.0",
        "parseurl": "1.3.1",
        "path-to-regexp": "0.1.7",
        "proxy-addr": "1.1.4",
        "qs": "6.4.0",
        "range-parser": "1.2.0",
        "send": "0.15.1",
        "serve-static": "1.12.1",
        "setprototypeof": "1.0.3",
        "statuses": "1.3.1",
        "type-is": "1.6.15",
        "utils-merge": "1.0.0",
        "vary": "1.1.1"
      },
      "dependencies": {
        "accepts": {
          "version": "1.3.3",
          "resolved": "https://registry.npmjs.org/accepts/-/accepts-1.3.3.tgz",
          "integrity": "sha1-w8p0NJOGSMPg2cHjKN1otiLChMo=",
          "requires": {
            "mime-types": "2.1.15",
            "negotiator": "0.6.1"
          },
          "dependencies": {
            "mime-types": {
              "version": "2.1.15",
              "resolved": "https://registry.npmjs.org/mime-types/-/mime-types-2.1.15.tgz",
              "integrity": "sha1-pOv1BkCUVpI3uM9wBGd20J/JKu0=",
              "requires": {
                "mime-db": "1.27.0"
              },
              "dependencies": {
                "mime-db": {
                  "version": "1.27.0",
                  "resolved": "https://registry.npmjs.org/mime-db/-/mime-db-1.27.0.tgz",
                  "integrity": "sha1-gg9XIpa70g7CXtVeW13oaeVDbrE="
                }
              }
            },
            "negotiator": {
              "version": "0.6.1",
              "resolved": "https://registry.npmjs.org/negotiator/-/negotiator-0.6.1.tgz",
              "integrity": "sha1-KzJxhOiZIQEXeyhWP7XnECrNDKk="
            }
          }
        },
        "array-flatten": {
          "version": "1.1.1",
          "resolved": "https://registry.npmjs.org/array-flatten/-/array-flatten-1.1.1.tgz",
          "integrity": "sha1-ml9pkFGx5wczKPKgCJaLZOopVdI="
        },
        "content-disposition": {
          "version": "0.5.2",
          "resolved": "https://registry.npmjs.org/content-disposition/-/content-disposition-0.5.2.tgz",
          "integrity": "sha1-DPaLud318r55YcOoUXjLhdunjLQ="
        },
        "content-type": {
          "version": "1.0.2",
          "resolved": "https://registry.npmjs.org/content-type/-/content-type-1.0.2.tgz",
          "integrity": "sha1-t9ETrueo3Se9IRM8TcJSnfFyHu0="
        },
        "cookie": {
          "version": "0.3.1",
          "resolved": "https://registry.npmjs.org/cookie/-/cookie-0.3.1.tgz",
          "integrity": "sha1-5+Ch+e9DtMi6klxcWpboBtFoc7s="
        },
        "cookie-signature": {
          "version": "1.0.6",
          "resolved": "https://registry.npmjs.org/cookie-signature/-/cookie-signature-1.0.6.tgz",
          "integrity": "sha1-4wOogrNCzD7oylE6eZmXNNqzriw="
        },
        "debug": {
          "version": "2.6.1",
          "resolved": "https://registry.npmjs.org/debug/-/debug-2.6.1.tgz",
          "integrity": "sha1-eYVQkLosTjEVzH2HaUkdWPBJE1E=",
          "requires": {
            "ms": "0.7.2"
          },
          "dependencies": {
            "ms": {
              "version": "0.7.2",
              "resolved": "https://registry.npmjs.org/ms/-/ms-0.7.2.tgz",
              "integrity": "sha1-riXPJRKziFodldfwN4aNhDESR2U="
            }
          }
        },
        "depd": {
          "version": "1.1.0",
          "resolved": "https://registry.npmjs.org/depd/-/depd-1.1.0.tgz",
          "integrity": "sha1-4b2Cxqq2ztlluXuIsX7T5SjKGMM="
        },
        "encodeurl": {
          "version": "1.0.1",
          "resolved": "https://registry.npmjs.org/encodeurl/-/encodeurl-1.0.1.tgz",
          "integrity": "sha1-eePVhlU0aQn+bw9Fpd5oEDspTSA="
        },
        "escape-html": {
          "version": "1.0.3",
          "resolved": "https://registry.npmjs.org/escape-html/-/escape-html-1.0.3.tgz",
          "integrity": "sha1-Aljq5NPQwJdN4cFpGI7wBR0dGYg="
        },
        "etag": {
          "version": "1.8.0",
          "resolved": "https://registry.npmjs.org/etag/-/etag-1.8.0.tgz",
          "integrity": "sha1-b2Ma7zNtbEY2K1F2QETOIWvjwFE="
        },
        "finalhandler": {
          "version": "1.0.2",
          "resolved": "https://registry.npmjs.org/finalhandler/-/finalhandler-1.0.2.tgz",
          "integrity": "sha1-0ONvnbxVfy3hRCPfYmGInp1gyTo=",
          "requires": {
            "debug": "2.6.4",
            "encodeurl": "1.0.1",
            "escape-html": "1.0.3",
            "on-finished": "2.3.0",
            "parseurl": "1.3.1",
            "statuses": "1.3.1",
            "unpipe": "1.0.0"
          },
          "dependencies": {
            "debug": {
              "version": "2.6.4",
              "resolved": "https://registry.npmjs.org/debug/-/debug-2.6.4.tgz",
              "integrity": "sha1-dYaps8OXQcAoKuM0RcTorHRzT+A=",
              "requires": {
                "ms": "0.7.3"
              },
              "dependencies": {
                "ms": {
                  "version": "0.7.3",
                  "resolved": "https://registry.npmjs.org/ms/-/ms-0.7.3.tgz",
                  "integrity": "sha1-cIFVpeROM/X9D8U+gdDUCpG+H/8="
                }
              }
            },
            "unpipe": {
              "version": "1.0.0",
              "resolved": "https://registry.npmjs.org/unpipe/-/unpipe-1.0.0.tgz",
              "integrity": "sha1-sr9O6FFKrmFltIF4KdIbLvSZBOw="
            }
          }
        },
        "fresh": {
          "version": "0.5.0",
          "resolved": "https://registry.npmjs.org/fresh/-/fresh-0.5.0.tgz",
          "integrity": "sha1-9HTKXmqSRtb9jglTz6m5yAWvp44="
        },
        "merge-descriptors": {
          "version": "1.0.1",
          "resolved": "https://registry.npmjs.org/merge-descriptors/-/merge-descriptors-1.0.1.tgz",
          "integrity": "sha1-sAqqVW3YtEVoFQ7J0blT8/kMu2E="
        },
        "methods": {
          "version": "1.1.2",
          "resolved": "https://registry.npmjs.org/methods/-/methods-1.1.2.tgz",
          "integrity": "sha1-VSmk1nZUE07cxSZmVoNbD4Ua/O4="
        },
        "on-finished": {
          "version": "2.3.0",
          "resolved": "https://registry.npmjs.org/on-finished/-/on-finished-2.3.0.tgz",
          "integrity": "sha1-IPEzZIGwg811M3mSoWlxqi2QaUc=",
          "requires": {
            "ee-first": "1.1.1"
          },
          "dependencies": {
            "ee-first": {
              "version": "1.1.1",
              "resolved": "https://registry.npmjs.org/ee-first/-/ee-first-1.1.1.tgz",
              "integrity": "sha1-WQxhFWsK4vTwJVcyoViyZrxWsh0="
            }
          }
        },
        "parseurl": {
          "version": "1.3.1",
          "resolved": "https://registry.npmjs.org/parseurl/-/parseurl-1.3.1.tgz",
          "integrity": "sha1-yKuMkiO6NIiKpkopeyiFO+wY2lY="
        },
        "path-to-regexp": {
          "version": "0.1.7",
          "resolved": "https://registry.npmjs.org/path-to-regexp/-/path-to-regexp-0.1.7.tgz",
          "integrity": "sha1-32BBeABfUi8V60SQ5yR6G/qmf4w="
        },
        "proxy-addr": {
          "version": "1.1.4",
          "resolved": "https://registry.npmjs.org/proxy-addr/-/proxy-addr-1.1.4.tgz",
          "integrity": "sha1-J+VF9pYKRKYn2bREZ+NcG2tM4vM=",
          "requires": {
            "forwarded": "0.1.0",
            "ipaddr.js": "1.3.0"
          },
          "dependencies": {
            "forwarded": {
              "version": "0.1.0",
              "resolved": "https://registry.npmjs.org/forwarded/-/forwarded-0.1.0.tgz",
              "integrity": "sha1-Ge+YdMSuHCl7zweP3mOgm2aoQ2M="
            },
            "ipaddr.js": {
              "version": "1.3.0",
              "resolved": "https://registry.npmjs.org/ipaddr.js/-/ipaddr.js-1.3.0.tgz",
              "integrity": "sha1-HgOlL9rYOou7KyXL9JmLTP/NPew="
            }
          }
        },
        "qs": {
          "version": "6.4.0",
          "resolved": "https://registry.npmjs.org/qs/-/qs-6.4.0.tgz",
          "integrity": "sha1-E+JtKK1rD/qpExLNO/cI7TUecjM="
        },
        "range-parser": {
          "version": "1.2.0",
          "resolved": "https://registry.npmjs.org/range-parser/-/range-parser-1.2.0.tgz",
          "integrity": "sha1-9JvmtIeJTdxA3MlKMi9hEJLgDV4="
        },
        "send": {
          "version": "0.15.1",
          "resolved": "https://registry.npmjs.org/send/-/send-0.15.1.tgz",
          "integrity": "sha1-igI1TCbm9cynAAZfXwzeupDse18=",
          "requires": {
            "debug": "2.6.1",
            "depd": "1.1.0",
            "destroy": "1.0.4",
            "encodeurl": "1.0.1",
            "escape-html": "1.0.3",
            "etag": "1.8.0",
            "fresh": "0.5.0",
            "http-errors": "1.6.1",
            "mime": "1.3.4",
            "ms": "0.7.2",
            "on-finished": "2.3.0",
            "range-parser": "1.2.0",
            "statuses": "1.3.1"
          },
          "dependencies": {
            "destroy": {
              "version": "1.0.4",
              "resolved": "https://registry.npmjs.org/destroy/-/destroy-1.0.4.tgz",
              "integrity": "sha1-l4hXRCxEdJ5CBmE+N5RiBYJqvYA="
            },
            "http-errors": {
              "version": "1.6.1",
              "resolved": "https://registry.npmjs.org/http-errors/-/http-errors-1.6.1.tgz",
              "integrity": "sha1-X4uO2YrKVFZWv1cplzh/kEpyIlc=",
              "requires": {
                "depd": "1.1.0",
                "inherits": "2.0.3",
                "setprototypeof": "1.0.3",
                "statuses": "1.3.1"
              },
              "dependencies": {
                "inherits": {
                  "version": "2.0.3",
                  "resolved": "https://registry.npmjs.org/inherits/-/inherits-2.0.3.tgz",
                  "integrity": "sha1-Yzwsg+PaQqUC9SRmAiSA9CCCYd4="
                }
              }
            },
            "mime": {
              "version": "1.3.4",
              "resolved": "https://registry.npmjs.org/mime/-/mime-1.3.4.tgz",
              "integrity": "sha1-EV+eO2s9rylZmDyzjxSaLUDrXVM="
            },
            "ms": {
              "version": "0.7.2",
              "resolved": "https://registry.npmjs.org/ms/-/ms-0.7.2.tgz",
              "integrity": "sha1-riXPJRKziFodldfwN4aNhDESR2U="
            }
          }
        },
        "serve-static": {
          "version": "1.12.1",
          "resolved": "https://registry.npmjs.org/serve-static/-/serve-static-1.12.1.tgz",
          "integrity": "sha1-dEOpZePO1kes61Y5+ga/TRu+ADk=",
          "requires": {
            "encodeurl": "1.0.1",
            "escape-html": "1.0.3",
            "parseurl": "1.3.1",
            "send": "0.15.1"
          }
        },
        "setprototypeof": {
          "version": "1.0.3",
          "resolved": "https://registry.npmjs.org/setprototypeof/-/setprototypeof-1.0.3.tgz",
          "integrity": "sha1-ZlZ+NwQ+608E2RvWWMDL77VbjgQ="
        },
        "statuses": {
          "version": "1.3.1",
          "resolved": "https://registry.npmjs.org/statuses/-/statuses-1.3.1.tgz",
          "integrity": "sha1-+vUbnrdKrvOzrPStX2Gr8ky3uT4="
        },
        "type-is": {
          "version": "1.6.15",
          "resolved": "https://registry.npmjs.org/type-is/-/type-is-1.6.15.tgz",
          "integrity": "sha1-yrEPtJCeRByChC6v4a1kbIGARBA=",
          "requires": {
            "media-typer": "0.3.0",
            "mime-types": "2.1.15"
          },
          "dependencies": {
            "media-typer": {
              "version": "0.3.0",
              "resolved": "https://registry.npmjs.org/media-typer/-/media-typer-0.3.0.tgz",
              "integrity": "sha1-hxDXrwqmJvj/+hzgAWhUUmMlV0g="
            },
            "mime-types": {
              "version": "2.1.15",
              "resolved": "https://registry.npmjs.org/mime-types/-/mime-types-2.1.15.tgz",
              "integrity": "sha1-pOv1BkCUVpI3uM9wBGd20J/JKu0=",
              "requires": {
                "mime-db": "1.27.0"
              },
              "dependencies": {
                "mime-db": {
                  "version": "1.27.0",
                  "resolved": "https://registry.npmjs.org/mime-db/-/mime-db-1.27.0.tgz",
                  "integrity": "sha1-gg9XIpa70g7CXtVeW13oaeVDbrE="
                }
              }
            }
          }
        },
        "utils-merge": {
          "version": "1.0.0",
          "resolved": "https://registry.npmjs.org/utils-merge/-/utils-merge-1.0.0.tgz",
          "integrity": "sha1-ApT7kiu5N1FTVBxPcJYjHyh8ivg="
        },
        "vary": {
          "version": "1.1.1",
          "resolved": "https://registry.npmjs.org/vary/-/vary-1.1.1.tgz",
          "integrity": "sha1-Z1Neu2lMHVIldFeYRmUyP1h+jTc="
        }
      }
    },
    "express-sanitizer": {
      "version": "1.0.3",
      "resolved": "https://registry.npmjs.org/express-sanitizer/-/express-sanitizer-1.0.3.tgz",
      "integrity": "sha512-CbjO7smvYq4cnQaGPNFzZSPx9GePERybhLAEyRBXKwEYjqP59S6z6fHTUXUzIFOitsNz98c9ytItSp1bcui2UA==",
      "requires": {
        "sanitizer": "0.1.3"
      }
    },
    "express-session": {
      "version": "1.15.2",
      "resolved": "https://registry.npmjs.org/express-session/-/express-session-1.15.2.tgz",
      "integrity": "sha1-2YUWRDpMy4aI4XJa5YTALapAk9Q=",
      "requires": {
        "cookie": "0.3.1",
        "cookie-signature": "1.0.6",
        "crc": "3.4.4",
        "debug": "2.6.3",
        "depd": "1.1.0",
        "on-headers": "1.0.1",
        "parseurl": "1.3.1",
        "uid-safe": "2.1.4",
        "utils-merge": "1.0.0"
      },
      "dependencies": {
        "cookie": {
          "version": "0.3.1",
          "resolved": "https://registry.npmjs.org/cookie/-/cookie-0.3.1.tgz",
          "integrity": "sha1-5+Ch+e9DtMi6klxcWpboBtFoc7s="
        },
        "cookie-signature": {
          "version": "1.0.6",
          "resolved": "https://registry.npmjs.org/cookie-signature/-/cookie-signature-1.0.6.tgz",
          "integrity": "sha1-4wOogrNCzD7oylE6eZmXNNqzriw="
        },
        "crc": {
          "version": "3.4.4",
          "resolved": "https://registry.npmjs.org/crc/-/crc-3.4.4.tgz",
          "integrity": "sha1-naHpgOO9RPxck79as9ozeNheRms="
        },
        "debug": {
          "version": "2.6.3",
          "resolved": "https://registry.npmjs.org/debug/-/debug-2.6.3.tgz",
          "integrity": "sha1-D364wwll7AjHKsz6ATDIt5mEFB0=",
          "requires": {
            "ms": "0.7.2"
          },
          "dependencies": {
            "ms": {
              "version": "0.7.2",
              "resolved": "https://registry.npmjs.org/ms/-/ms-0.7.2.tgz",
              "integrity": "sha1-riXPJRKziFodldfwN4aNhDESR2U="
            }
          }
        },
        "depd": {
          "version": "1.1.0",
          "resolved": "https://registry.npmjs.org/depd/-/depd-1.1.0.tgz",
          "integrity": "sha1-4b2Cxqq2ztlluXuIsX7T5SjKGMM="
        },
        "on-headers": {
          "version": "1.0.1",
          "resolved": "https://registry.npmjs.org/on-headers/-/on-headers-1.0.1.tgz",
          "integrity": "sha1-ko9dD0cNSTQmUepnlLCFfBAGk/c="
        },
        "parseurl": {
          "version": "1.3.1",
          "resolved": "https://registry.npmjs.org/parseurl/-/parseurl-1.3.1.tgz",
          "integrity": "sha1-yKuMkiO6NIiKpkopeyiFO+wY2lY="
        },
        "uid-safe": {
          "version": "2.1.4",
          "resolved": "https://registry.npmjs.org/uid-safe/-/uid-safe-2.1.4.tgz",
          "integrity": "sha1-Otbzg2jG1MjHXsF2I/t5qh0HHYE=",
          "requires": {
            "random-bytes": "1.0.0"
          },
          "dependencies": {
            "random-bytes": {
              "version": "1.0.0",
              "resolved": "https://registry.npmjs.org/random-bytes/-/random-bytes-1.0.0.tgz",
              "integrity": "sha1-T2ih3Arli9P7lYSMMDJNt11kNgs="
            }
          }
        },
        "utils-merge": {
          "version": "1.0.0",
          "resolved": "https://registry.npmjs.org/utils-merge/-/utils-merge-1.0.0.tgz",
          "integrity": "sha1-ApT7kiu5N1FTVBxPcJYjHyh8ivg="
        }
      }
    },
    "method-override": {
      "version": "2.3.10",
      "resolved": "https://registry.npmjs.org/method-override/-/method-override-2.3.10.tgz",
      "integrity": "sha1-49r41d7hDdLc59SuiNYrvud0drQ=",
      "requires": {
        "debug": "2.6.9",
        "methods": "1.1.2",
        "parseurl": "1.3.2",
        "vary": "1.1.2"
      }
    },
    "methods": {
      "version": "1.1.2",
      "resolved": "https://registry.npmjs.org/methods/-/methods-1.1.2.tgz",
      "integrity": "sha1-VSmk1nZUE07cxSZmVoNbD4Ua/O4="
    },
    "mongoose": {
      "version": "4.9.7",
      "resolved": "https://registry.npmjs.org/mongoose/-/mongoose-4.9.7.tgz",
      "integrity": "sha1-64ZSjP9+e3iifghLWeUTFkFZnQs=",
      "requires": {
        "async": "2.1.4",
        "bson": "1.0.4",
        "hooks-fixed": "2.0.0",
        "kareem": "1.4.1",
        "mongodb": "2.2.26",
        "mpath": "0.2.1",
        "mpromise": "0.5.5",
        "mquery": "2.3.0",
        "ms": "0.7.2",
        "muri": "1.2.1",
        "regexp-clone": "0.0.1",
        "sliced": "1.0.1"
      },
      "dependencies": {
        "async": {
          "version": "2.1.4",
          "resolved": "https://registry.npmjs.org/async/-/async-2.1.4.tgz",
          "integrity": "sha1-LSFgx3iAMuTdbL4lAvH5osj2zeQ=",
          "requires": {
            "lodash": "4.17.4"
          },
          "dependencies": {
            "lodash": {
              "version": "4.17.4",
              "resolved": "https://registry.npmjs.org/lodash/-/lodash-4.17.4.tgz",
              "integrity": "sha1-eCA6TRwyiuHYbcpkYONptX9AVa4="
            }
          }
        },
        "bson": {
          "version": "1.0.4",
          "resolved": "https://registry.npmjs.org/bson/-/bson-1.0.4.tgz",
          "integrity": "sha1-k8ENOeqltYQVy8QFLz5T5WKwtyw="
        },
        "hooks-fixed": {
          "version": "2.0.0",
          "resolved": "https://registry.npmjs.org/hooks-fixed/-/hooks-fixed-2.0.0.tgz",
          "integrity": "sha1-oB2JTVKsf2WZu7H2PfycQR33DLo="
        },
        "kareem": {
          "version": "1.4.1",
          "resolved": "https://registry.npmjs.org/kareem/-/kareem-1.4.1.tgz",
          "integrity": "sha1-7XYgAET6BB7zK02oJh4lU/EXNTE="
        },
        "mongodb": {
          "version": "2.2.26",
          "resolved": "https://registry.npmjs.org/mongodb/-/mongodb-2.2.26.tgz",
          "integrity": "sha1-G9UMVXwnfJjhoF2jjJg5xJIrA0o=",
          "requires": {
            "es6-promise": "3.2.1",
            "mongodb-core": "2.1.10",
            "readable-stream": "2.2.7"
          },
          "dependencies": {
            "es6-promise": {
              "version": "3.2.1",
              "resolved": "https://registry.npmjs.org/es6-promise/-/es6-promise-3.2.1.tgz",
              "integrity": "sha1-7FYjOGgDKQkgcXDDlEjiREndH8Q="
            },
            "mongodb-core": {
              "version": "2.1.10",
              "resolved": "https://registry.npmjs.org/mongodb-core/-/mongodb-core-2.1.10.tgz",
              "integrity": "sha1-6ykGgdGW0zRqSSFhqi6gkF5jFRs=",
              "requires": {
                "bson": "1.0.4",
                "require_optional": "1.0.0"
              },
              "dependencies": {
                "require_optional": {
                  "version": "1.0.0",
                  "resolved": "https://registry.npmjs.org/require_optional/-/require_optional-1.0.0.tgz",
                  "integrity": "sha1-UqhhN6hJco62ClVTNhf4+RT1mr8=",
                  "requires": {
                    "resolve-from": "2.0.0",
                    "semver": "5.3.0"
                  },
                  "dependencies": {
                    "resolve-from": {
                      "version": "2.0.0",
                      "resolved": "https://registry.npmjs.org/resolve-from/-/resolve-from-2.0.0.tgz",
                      "integrity": "sha1-lICrIOlP+h2egKgEx+oUdhGWa1c="
                    },
                    "semver": {
                      "version": "5.3.0",
                      "resolved": "https://registry.npmjs.org/semver/-/semver-5.3.0.tgz",
                      "integrity": "sha1-myzl094C0XxgEq0yaqa00M9U+U8="
                    }
                  }
                }
              }
            },
            "readable-stream": {
              "version": "2.2.7",
              "resolved": "https://registry.npmjs.org/readable-stream/-/readable-stream-2.2.7.tgz",
              "integrity": "sha1-BwV6y+JGeyIELTb5jFrVBwVOlbE=",
              "requires": {
                "buffer-shims": "1.0.0",
                "core-util-is": "1.0.2",
                "inherits": "2.0.3",
                "isarray": "1.0.0",
                "process-nextick-args": "1.0.7",
                "string_decoder": "1.0.0",
                "util-deprecate": "1.0.2"
              },
              "dependencies": {
                "buffer-shims": {
                  "version": "1.0.0",
                  "resolved": "https://registry.npmjs.org/buffer-shims/-/buffer-shims-1.0.0.tgz",
                  "integrity": "sha1-mXjOMXOIxkmth5MCjDR37wRKi1E="
                },
                "core-util-is": {
                  "version": "1.0.2",
                  "resolved": "https://registry.npmjs.org/core-util-is/-/core-util-is-1.0.2.tgz",
                  "integrity": "sha1-tf1UIgqivFq1eqtxQMlAdUUDwac="
                },
                "inherits": {
                  "version": "2.0.3",
                  "resolved": "https://registry.npmjs.org/inherits/-/inherits-2.0.3.tgz",
                  "integrity": "sha1-Yzwsg+PaQqUC9SRmAiSA9CCCYd4="
                },
                "isarray": {
                  "version": "1.0.0",
                  "resolved": "https://registry.npmjs.org/isarray/-/isarray-1.0.0.tgz",
                  "integrity": "sha1-u5NdSFgsuhaMBoNJV6VKPgcSTxE="
                },
                "process-nextick-args": {
                  "version": "1.0.7",
                  "resolved": "https://registry.npmjs.org/process-nextick-args/-/process-nextick-args-1.0.7.tgz",
                  "integrity": "sha1-FQ4gt1ZZCtP5EJPyWk8q2L/zC6M="
                },
                "string_decoder": {
                  "version": "1.0.0",
                  "resolved": "https://registry.npmjs.org/string_decoder/-/string_decoder-1.0.0.tgz",
                  "integrity": "sha1-8G9BFXtmTYYGn4S9vcmw2KsoFmc=",
                  "requires": {
                    "buffer-shims": "1.0.0"
                  }
                },
                "util-deprecate": {
                  "version": "1.0.2",
                  "resolved": "https://registry.npmjs.org/util-deprecate/-/util-deprecate-1.0.2.tgz",
                  "integrity": "sha1-RQ1Nyfpw3nMnYvvS1KKJgUGaDM8="
                }
              }
            }
          }
        },
        "mpath": {
          "version": "0.2.1",
          "resolved": "https://registry.npmjs.org/mpath/-/mpath-0.2.1.tgz",
          "integrity": "sha1-Ok6Ck1mAHeljCcJ6ay4QLon56W4="
        },
        "mpromise": {
          "version": "0.5.5",
          "resolved": "https://registry.npmjs.org/mpromise/-/mpromise-0.5.5.tgz",
          "integrity": "sha1-9bJCWddjrMIlewoMjG2Gb9UXMuY="
        },
        "mquery": {
          "version": "2.3.0",
          "resolved": "https://registry.npmjs.org/mquery/-/mquery-2.3.0.tgz",
          "integrity": "sha1-PRcXrYlY0MmeQuokYaEJ8+Xz5Fg=",
          "requires": {
            "bluebird": "2.10.2",
            "debug": "2.2.0",
            "regexp-clone": "0.0.1",
            "sliced": "0.0.5"
          },
          "dependencies": {
            "bluebird": {
              "version": "2.10.2",
              "resolved": "https://registry.npmjs.org/bluebird/-/bluebird-2.10.2.tgz",
              "integrity": "sha1-AkpVFylTCIV/FPkfEQb8O1VfRGs="
            },
            "debug": {
              "version": "2.2.0",
              "resolved": "https://registry.npmjs.org/debug/-/debug-2.2.0.tgz",
              "integrity": "sha1-+HBX6ZWxofauaklgZkE3vFbwOdo=",
              "requires": {
                "ms": "0.7.1"
              },
              "dependencies": {
                "ms": {
                  "version": "0.7.1",
                  "resolved": "https://registry.npmjs.org/ms/-/ms-0.7.1.tgz",
                  "integrity": "sha1-nNE8A62/8ltl7/3nzoZO6VIBcJg="
                }
              }
            },
            "sliced": {
              "version": "0.0.5",
              "resolved": "https://registry.npmjs.org/sliced/-/sliced-0.0.5.tgz",
              "integrity": "sha1-XtwETKTrb3gW1Qui/GPiXY/kcH8="
            }
          }
        },
        "ms": {
          "version": "0.7.2",
          "resolved": "https://registry.npmjs.org/ms/-/ms-0.7.2.tgz",
          "integrity": "sha1-riXPJRKziFodldfwN4aNhDESR2U="
        },
        "muri": {
          "version": "1.2.1",
          "resolved": "https://registry.npmjs.org/muri/-/muri-1.2.1.tgz",
          "integrity": "sha1-7H6lzmympSPrGrNbrNpfqBbJqjw="
        },
        "regexp-clone": {
          "version": "0.0.1",
          "resolved": "https://registry.npmjs.org/regexp-clone/-/regexp-clone-0.0.1.tgz",
          "integrity": "sha1-p8LgmJH9vzj7sQ03b7cwA+aKxYk="
        },
        "sliced": {
          "version": "1.0.1",
          "resolved": "https://registry.npmjs.org/sliced/-/sliced-1.0.1.tgz",
          "integrity": "sha1-CzpmK10Ewxd7GSa+qCsD+Dei70E="
        }
      }
    },
    "ms": {
      "version": "2.0.0",
      "resolved": "https://registry.npmjs.org/ms/-/ms-2.0.0.tgz",
      "integrity": "sha1-VgiurfwAvmwpAd9fmGF4jeDVl8g="
    },
    "parseurl": {
      "version": "1.3.2",
      "resolved": "https://registry.npmjs.org/parseurl/-/parseurl-1.3.2.tgz",
      "integrity": "sha1-/CidTtiZMRlGDBViUyYs3I3mW/M="
    },
    "passport": {
      "version": "0.3.2",
      "resolved": "https://registry.npmjs.org/passport/-/passport-0.3.2.tgz",
      "integrity": "sha1-ndAJ+RXo/glbASSgG4+C2gdRAQI=",
      "requires": {
        "passport-strategy": "1.0.0",
        "pause": "0.0.1"
      },
      "dependencies": {
        "passport-strategy": {
          "version": "1.0.0",
          "resolved": "https://registry.npmjs.org/passport-strategy/-/passport-strategy-1.0.0.tgz",
          "integrity": "sha1-tVOaqPwiWj0a0XlHbd8ja0QPUuQ="
        },
        "pause": {
          "version": "0.0.1",
          "resolved": "https://registry.npmjs.org/pause/-/pause-0.0.1.tgz",
          "integrity": "sha1-HUCLP9t2kjuVQ9lvtMnf1TXZy10="
        }
      }
    },
    "passport-local": {
      "version": "1.0.0",
      "resolved": "https://registry.npmjs.org/passport-local/-/passport-local-1.0.0.tgz",
      "integrity": "sha1-H+YyaMkudWBmJkN+O5BmYsFbpu4=",
      "requires": {
        "passport-strategy": "1.0.0"
      },
      "dependencies": {
        "passport-strategy": {
          "version": "1.0.0",
          "resolved": "https://registry.npmjs.org/passport-strategy/-/passport-strategy-1.0.0.tgz",
          "integrity": "sha1-tVOaqPwiWj0a0XlHbd8ja0QPUuQ="
        }
      }
    },
    "passport-local-mongoose": {
      "version": "4.0.0",
      "resolved": "https://registry.npmjs.org/passport-local-mongoose/-/passport-local-mongoose-4.0.0.tgz",
      "integrity": "sha1-EP7pJ+r5eFuy4Q4qjERqD/H6AQc=",
      "requires": {
        "generaterr": "1.5.0",
        "passport-local": "1.0.0",
        "scmp": "1.0.2",
        "semver": "5.3.0"
      },
      "dependencies": {
        "generaterr": {
          "version": "1.5.0",
          "resolved": "https://registry.npmjs.org/generaterr/-/generaterr-1.5.0.tgz",
          "integrity": "sha1-sM62zFFk3yoGEzjMNAqGFTlcUvw="
        },
        "scmp": {
          "version": "1.0.2",
          "resolved": "https://registry.npmjs.org/scmp/-/scmp-1.0.2.tgz",
          "integrity": "sha1-vE5OJxMlKwQhDN/5zvOt4sj6c3A="
        },
        "semver": {
          "version": "5.3.0",
          "resolved": "https://registry.npmjs.org/semver/-/semver-5.3.0.tgz",
          "integrity": "sha1-myzl094C0XxgEq0yaqa00M9U+U8="
        }
      }
    },
    "passport-mongoose": {
      "version": "0.0.1",
      "resolved": "https://registry.npmjs.org/passport-mongoose/-/passport-mongoose-0.0.1.tgz",
      "integrity": "sha1-1CN86S2Gei0KYH0pDL1W7ToajIk=",
      "requires": {
        "mongoose": "3.9.7",
        "passport": "0.1.18",
        "pkginfo": "0.2.3"
      },
      "dependencies": {
        "mongoose": {
          "version": "3.9.7",
          "resolved": "https://registry.npmjs.org/mongoose/-/mongoose-3.9.7.tgz",
          "integrity": "sha1-sxXm6+XO/M44Q1BLeR8DiCgEjaY=",
          "requires": {
            "async": "0.9.0",
            "hooks": "0.3.2",
            "kareem": "0.0.4",
            "mongodb": "1.4.12",
            "mpath": "0.1.1",
            "mpromise": "0.5.4",
            "mquery": "1.0.0",
            "ms": "0.1.0",
            "muri": "0.3.1",
            "regexp-clone": "0.0.1",
            "sliced": "0.0.5"
          },
          "dependencies": {
            "async": {
              "version": "0.9.0",
              "resolved": "https://registry.npmjs.org/async/-/async-0.9.0.tgz",
              "integrity": "sha1-rDYTsdqb7RtHUQu0ZRuJMeRxRsc="
            },
            "hooks": {
              "version": "0.3.2",
              "resolved": "https://registry.npmjs.org/hooks/-/hooks-0.3.2.tgz",
              "integrity": "sha1-ox8GDCAmzqbPHKPrF4Qw5xjhxKM="
            },
            "kareem": {
              "version": "0.0.4",
              "resolved": "https://registry.npmjs.org/kareem/-/kareem-0.0.4.tgz",
              "integrity": "sha1-qEdd79dM+CmwBx0g5pcb8V2RHSs="
            },
            "mongodb": {
              "version": "1.4.12",
              "resolved": "https://registry.npmjs.org/mongodb/-/mongodb-1.4.12.tgz",
              "integrity": "sha1-Zc3UbsEnhh6UEWj9zPgr8XrXHE0=",
              "requires": {
                "bson": "0.2.22",
                "kerberos": "0.0.4",
                "readable-stream": "2.2.9"
              },
              "dependencies": {
                "bson": {
                  "version": "0.2.22",
                  "resolved": "https://registry.npmjs.org/bson/-/bson-0.2.22.tgz",
                  "integrity": "sha1-/NoQPybQwHTVpS1Qkn24D9ArSzk=",
                  "requires": {
                    "nan": "1.8.4"
                  },
                  "dependencies": {
                    "nan": {
                      "version": "1.8.4",
                      "resolved": "https://registry.npmjs.org/nan/-/nan-1.8.4.tgz",
                      "integrity": "sha1-PHa1OC6rM+RLdY0oE8qdkuk0LzQ="
                    }
                  }
                },
                "kerberos": {
                  "version": "0.0.4",
                  "resolved": "https://registry.npmjs.org/kerberos/-/kerberos-0.0.4.tgz",
                  "integrity": "sha1-EYNmOPcpovbFuuBWp9ehWJjJunw=",
                  "optional": true
                },
                "readable-stream": {
                  "version": "2.2.9",
                  "resolved": "https://registry.npmjs.org/readable-stream/-/readable-stream-2.2.9.tgz",
                  "integrity": "sha1-z3jsb0ptHrQ9JkiMrJfwQudLf8g=",
                  "optional": true,
                  "requires": {
                    "buffer-shims": "1.0.0",
                    "core-util-is": "1.0.2",
                    "inherits": "2.0.3",
                    "isarray": "1.0.0",
                    "process-nextick-args": "1.0.7",
                    "string_decoder": "1.0.0",
                    "util-deprecate": "1.0.2"
                  },
                  "dependencies": {
                    "buffer-shims": {
                      "version": "1.0.0",
                      "resolved": "https://registry.npmjs.org/buffer-shims/-/buffer-shims-1.0.0.tgz",
                      "integrity": "sha1-mXjOMXOIxkmth5MCjDR37wRKi1E="
                    },
                    "core-util-is": {
                      "version": "1.0.2",
                      "resolved": "https://registry.npmjs.org/core-util-is/-/core-util-is-1.0.2.tgz",
                      "integrity": "sha1-tf1UIgqivFq1eqtxQMlAdUUDwac=",
                      "optional": true
                    },
                    "inherits": {
                      "version": "2.0.3",
                      "resolved": "https://registry.npmjs.org/inherits/-/inherits-2.0.3.tgz",
                      "integrity": "sha1-Yzwsg+PaQqUC9SRmAiSA9CCCYd4=",
                      "optional": true
                    },
                    "isarray": {
                      "version": "1.0.0",
                      "resolved": "https://registry.npmjs.org/isarray/-/isarray-1.0.0.tgz",
                      "integrity": "sha1-u5NdSFgsuhaMBoNJV6VKPgcSTxE=",
                      "optional": true
                    },
                    "process-nextick-args": {
                      "version": "1.0.7",
                      "resolved": "https://registry.npmjs.org/process-nextick-args/-/process-nextick-args-1.0.7.tgz",
                      "integrity": "sha1-FQ4gt1ZZCtP5EJPyWk8q2L/zC6M=",
                      "optional": true
                    },
                    "string_decoder": {
                      "version": "1.0.0",
                      "resolved": "https://registry.npmjs.org/string_decoder/-/string_decoder-1.0.0.tgz",
                      "integrity": "sha1-8G9BFXtmTYYGn4S9vcmw2KsoFmc=",
                      "optional": true,
                      "requires": {
                        "buffer-shims": "1.0.0"
                      }
                    },
                    "util-deprecate": {
                      "version": "1.0.2",
                      "resolved": "https://registry.npmjs.org/util-deprecate/-/util-deprecate-1.0.2.tgz",
                      "integrity": "sha1-RQ1Nyfpw3nMnYvvS1KKJgUGaDM8=",
                      "optional": true
                    }
                  }
                }
              }
            },
            "mpath": {
              "version": "0.1.1",
              "resolved": "https://registry.npmjs.org/mpath/-/mpath-0.1.1.tgz",
              "integrity": "sha1-I9qFK3wjLuCX9HWdKcDunNItXkY="
            },
            "mpromise": {
              "version": "0.5.4",
              "resolved": "https://registry.npmjs.org/mpromise/-/mpromise-0.5.4.tgz",
              "integrity": "sha1-thBhPsbeN0GflEs18Hg7Ten13HU="
            },
            "mquery": {
              "version": "1.0.0",
              "resolved": "https://registry.npmjs.org/mquery/-/mquery-1.0.0.tgz",
              "integrity": "sha1-aUCkbWQzaP6OWr3euUvY3TIBP1s=",
              "requires": {
                "debug": "0.7.4",
                "regexp-clone": "0.0.1",
                "sliced": "0.0.5"
              },
              "dependencies": {
                "debug": {
                  "version": "0.7.4",
                  "resolved": "https://registry.npmjs.org/debug/-/debug-0.7.4.tgz",
                  "integrity": "sha1-BuHqgILCyxTjmAbiLi9vdX+Srzk="
                }
              }
            },
            "ms": {
              "version": "0.1.0",
              "resolved": "https://registry.npmjs.org/ms/-/ms-0.1.0.tgz",
              "integrity": "sha1-8h+sSQ2vHXZn/RgP6QdzicyUQrI="
            },
            "muri": {
              "version": "0.3.1",
              "resolved": "https://registry.npmjs.org/muri/-/muri-0.3.1.tgz",
              "integrity": "sha1-hhiJxchX8aQ3AL7oXVBzH2FyfJo="
            },
            "regexp-clone": {
              "version": "0.0.1",
              "resolved": "https://registry.npmjs.org/regexp-clone/-/regexp-clone-0.0.1.tgz",
              "integrity": "sha1-p8LgmJH9vzj7sQ03b7cwA+aKxYk="
            },
            "sliced": {
              "version": "0.0.5",
              "resolved": "https://registry.npmjs.org/sliced/-/sliced-0.0.5.tgz",
              "integrity": "sha1-XtwETKTrb3gW1Qui/GPiXY/kcH8="
            }
          }
        },
        "passport": {
          "version": "0.1.18",
          "resolved": "https://registry.npmjs.org/passport/-/passport-0.1.18.tgz",
          "integrity": "sha1-yCZEedy2QUytu2Z1LRKzfgtlJaE=",
          "requires": {
            "pause": "0.0.1",
            "pkginfo": "0.2.3"
          },
          "dependencies": {
            "pause": {
              "version": "0.0.1",
              "resolved": "https://registry.npmjs.org/pause/-/pause-0.0.1.tgz",
              "integrity": "sha1-HUCLP9t2kjuVQ9lvtMnf1TXZy10="
            }
          }
        },
        "pkginfo": {
          "version": "0.2.3",
          "resolved": "https://registry.npmjs.org/pkginfo/-/pkginfo-0.2.3.tgz",
          "integrity": "sha1-cjnEKl72wwuPMoQ52bn/cQQkkPg="
        }
      }
    },
    "request-sanitizer": {
      "version": "0.0.6",
      "resolved": "https://registry.npmjs.org/request-sanitizer/-/request-sanitizer-0.0.6.tgz",
      "integrity": "sha1-nfX7p2Fwv5CsVS84JDll2Ol0S+Y=",
      "requires": {
        "underscore": "1.8.3",
        "validator": "4.9.0"
      }
    },
    "sanitizer": {
      "version": "0.1.3",
      "resolved": "https://registry.npmjs.org/sanitizer/-/sanitizer-0.1.3.tgz",
      "integrity": "sha1-1PCvdHXZp7ryqeWmEXGLqheKOeE="
    },
    "underscore": {
      "version": "1.8.3",
      "resolved": "https://registry.npmjs.org/underscore/-/underscore-1.8.3.tgz",
      "integrity": "sha1-Tz+1OxBuYJf8+ctBCfKl6b36UCI="
    },
    "validator": {
      "version": "4.9.0",
      "resolved": "https://registry.npmjs.org/validator/-/validator-4.9.0.tgz",
      "integrity": "sha1-CC/84qdhSP8HqOienCukOq8S7Ew=",
      "requires": {
        "depd": "1.1.0"
      }
    },
    "vary": {
      "version": "1.1.2",
      "resolved": "https://registry.npmjs.org/vary/-/vary-1.1.2.tgz",
      "integrity": "sha1-IpnwLG3tMNSllhsLn3RSShj2NPw="
    }
  }
}
